
Microsoft Visual Studio Solution File, Format Version 12.00
# Visual Studio Version 17
VisualStudioVersion = 17.0.31903.59
MinimumVisualStudioVersion = 10.0.40219.1
Project("{2150E333-8FDC-42A3-9474-1A3956D46DE8}") = "src", "src", "{827E0CD3-B72D-47B6-A68D-7590B98EB39B}"
EndProject
Project("{FAE04EC0-301F-11D3-BF4B-00C04F79EFBC}") = "Nexus.Domain", "src\Nexus.Domain\Nexus.Domain.csproj", "{0F4921E6-966B-4F54-815C-6588F2C7287A}"
EndProject
Project("{FAE04EC0-301F-11D3-BF4B-00C04F79EFBC}") = "Nexus.Application", "src\Nexus.Application\Nexus.Application.csproj", "{7C61012A-7DF8-42DA-AA75-F4C967A5D5C0}"
EndProject
Project("{FAE04EC0-301F-11D3-BF4B-00C04F79EFBC}") = "Nexus.Infrastructure", "src\Nexus.Infrastructure\Nexus.Infrastructure.csproj", "{35017F81-9D46-443A-A01E-456D21F3CF7B}"
EndProject
Project("{FAE04EC0-301F-11D3-BF4B-00C04F79EFBC}") = "Nexus.Web", "src\Nexus.Web\Nexus.Web.csproj", "{B9302595-7A55-450F-A629-C38D8DB96389}"
EndProject
Project("{2150E333-8FDC-42A3-9474-1A3956D46DE8}") = "tests", "tests", "{0AB3BF05-4346-4AA6-1389-037BE0695223}"
EndProject
Project("{FAE04EC0-301F-11D3-BF4B-00C04F79EFBC}") = "Nexus.Tests", "tests\Nexus.Tests\Nexus.Tests.csproj", "{95B3F2FA-395A-451F-8EBC-2C5C5BF7D7D8}"
EndProject
Global
	GlobalSection(SolutionConfigurationPlatforms) = preSolution
		Debug|Any CPU = Debug|Any CPU
		Debug|x64 = Debug|x64
		Debug|x86 = Debug|x86
		Release|Any CPU = Release|Any CPU
		Release|x64 = Release|x64
		Release|x86 = Release|x86
	EndGlobalSection
	GlobalSection(ProjectConfigurationPlatforms) = postSolution
		{0F4921E6-966B-4F54-815C-6588F2C7287A}.Debug|Any CPU.ActiveCfg = Debug|Any CPU
		{0F4921E6-966B-4F54-815C-6588F2C7287A}.Debug|Any CPU.Build.0 = Debug|Any CPU
		{0F4921E6-966B-4F54-815C-6588F2C7287A}.Debug|x64.ActiveCfg = Debug|Any CPU
		{0F4921E6-966B-4F54-815C-6588F2C7287A}.Debug|x64.Build.0 = Debug|Any CPU
		{0F4921E6-966B-4F54-815C-6588F2C7287A}.Debug|x86.ActiveCfg = Debug|Any CPU
		{0F4921E6-966B-4F54-815C-6588F2C7287A}.Debug|x86.Build.0 = Debug|Any CPU
		{0F4921E6-966B-4F54-815C-6588F2C7287A}.Release|Any CPU.ActiveCfg = Release|Any CPU
		{0F4921E6-966B-4F54-815C-6588F2C7287A}.Release|Any CPU.Build.0 = Release|Any CPU
		{0F4921E6-966B-4F54-815C-6588F2C7287A}.Release|x64.ActiveCfg = Release|Any CPU
		{0F4921E6-966B-4F54-815C-6588F2C7287A}.Release|x64.Build.0 = Release|Any CPU
		{0F4921E6-966B-4F54-815C-6588F2C7287A}.Release|x86.ActiveCfg = Release|Any CPU
		{0F4921E6-966B-4F54-815C-6588F2C7287A}.Release|x86.Build.0 = Release|Any CPU
		{7C61012A-7DF8-42DA-AA75-F4C967A5D5C0}.Debug|Any CPU.ActiveCfg = Debug|Any CPU
		{7C61012A-7DF8-42DA-AA75-F4C967A5D5C0}.Debug|Any CPU.Build.0 = Debug|Any CPU
		{7C61012A-7DF8-42DA-AA75-F4C967A5D5C0}.Debug|x64.ActiveCfg = Debug|Any CPU
		{7C61012A-7DF8-42DA-AA75-F4C967A5D5C0}.Debug|x64.Build.0 = Debug|Any CPU
		{7C61012A-7DF8-42DA-AA75-F4C967A5D5C0}.Debug|x86.ActiveCfg = Debug|Any CPU
		{7C61012A-7DF8-42DA-AA75-F4C967A5D5C0}.Debug|x86.Build.0 = Debug|Any CPU
		{7C61012A-7DF8-42DA-AA75-F4C967A5D5C0}.Release|Any CPU.ActiveCfg = Release|Any CPU
		{7C61012A-7DF8-42DA-AA75-F4C967A5D5C0}.Release|Any CPU.Build.0 = Release|Any CPU
		{7C61012A-7DF8-42DA-AA75-F4C967A5D5C0}.Release|x64.ActiveCfg = Release|Any CPU
		{7C61012A-7DF8-42DA-AA75-F4C967A5D5C0}.Release|x64.Build.0 = Release|Any CPU
		{7C61012A-7DF8-42DA-AA75-F4C967A5D5C0}.Release|x86.ActiveCfg = Release|Any CPU
		{7C61012A-7DF8-42DA-AA75-F4C967A5D5C0}.Release|x86.Build.0 = Release|Any CPU
		{35017F81-9D46-443A-A01E-456D21F3CF7B}.Debug|Any CPU.ActiveCfg = Debug|Any CPU
		{35017F81-9D46-443A-A01E-456D21F3CF7B}.Debug|Any CPU.Build.0 = Debug|Any CPU
		{35017F81-9D46-443A-A01E-456D21F3CF7B}.Debug|x64.ActiveCfg = Debug|Any CPU
		{35017F81-9D46-443A-A01E-456D21F3CF7B}.Debug|x64.Build.0 = Debug|Any CPU
		{35017F81-9D46-443A-A01E-456D21F3CF7B}.Debug|x86.ActiveCfg = Debug|Any CPU
		{35017F81-9D46-443A-A01E-456D21F3CF7B}.Debug|x86.Build.0 = Debug|Any CPU
		{35017F81-9D46-443A-A01E-456D21F3CF7B}.Release|Any CPU.ActiveCfg = Release|Any CPU
		{35017F81-9D46-443A-A01E-456D21F3CF7B}.Release|Any CPU.Build.0 = Release|Any CPU
		{35017F81-9D46-443A-A01E-456D21F3CF7B}.Release|x64.ActiveCfg = Release|Any CPU
		{35017F81-9D46-443A-A01E-456D21F3CF7B}.Release|x64.Build.0 = Release|Any CPU
		{35017F81-9D46-443A-A01E-456D21F3CF7B}.Release|x86.ActiveCfg = Release|Any CPU
		{35017F81-9D46-443A-A01E-456D21F3CF7B}.Release|x86.Build.0 = Release|Any CPU
		{B9302595-7A55-450F-A629-C38D8DB96389}.Debug|Any CPU.ActiveCfg = Debug|Any CPU
		{B9302595-7A55-450F-A629-C38D8DB96389}.Debug|Any CPU.Build.0 = Debug|Any CPU
		{B9302595-7A55-450F-A629-C38D8DB96389}.Debug|x64.ActiveCfg = Debug|Any CPU
		{B9302595-7A55-450F-A629-C38D8DB96389}.Debug|x64.Build.0 = Debug|Any CPU
		{B9302595-7A55-450F-A629-C38D8DB96389}.Debug|x86.ActiveCfg = Debug|Any CPU
		{B9302595-7A55-450F-A629-C38D8DB96389}.Debug|x86.Build.0 = Debug|Any CPU
		{B9302595-7A55-450F-A629-C38D8DB96389}.Release|Any CPU.ActiveCfg = Release|Any CPU
		{B9302595-7A55-450F-A629-C38D8DB96389}.Release|Any CPU.Build.0 = Release|Any CPU
		{B9302595-7A55-450F-A629-C38D8DB96389}.Release|x64.ActiveCfg = Release|Any CPU
		{B9302595-7A55-450F-A629-C38D8DB96389}.Release|x64.Build.0 = Release|Any CPU
		{B9302595-7A55-450F-A629-C38D8DB96389}.Release|x86.ActiveCfg = Release|Any CPU
		{B9302595-7A55-450F-A629-C38D8DB96389}.Release|x86.Build.0 = Release|Any CPU
		{95B3F2FA-395A-451F-8EBC-2C5C5BF7D7D8}.Debug|Any CPU.ActiveCfg = Debug|Any CPU
		{95B3F2FA-395A-451F-8EBC-2C5C5BF7D7D8}.Debug|Any CPU.Build.0 = Debug|Any CPU
		{95B3F2FA-395A-451F-8EBC-2C5C5BF7D7D8}.Debug|x64.ActiveCfg = Debug|Any CPU
		{95B3F2FA-395A-451F-8EBC-2C5C5BF7D7D8}.Debug|x64.Build.0 = Debug|Any CPU
		{95B3F2FA-395A-451F-8EBC-2C5C5BF7D7D8}.Debug|x86.ActiveCfg = Debug|Any CPU
		{95B3F2FA-395A-451F-8EBC-2C5C5BF7D7D8}.Debug|x86.Build.0 = Debug|Any CPU
		{95B3F2FA-395A-451F-8EBC-2C5C5BF7D7D8}.Release|Any CPU.ActiveCfg = Release|Any CPU
		{95B3F2FA-395A-451F-8EBC-2C5C5BF7D7D8}.Release|Any CPU.Build.0 = Release|Any CPU
		{95B3F2FA-395A-451F-8EBC-2C5C5BF7D7D8}.Release|x64.ActiveCfg = Release|Any CPU
		{95B3F2FA-395A-451F-8EBC-2C5C5BF7D7D8}.Release|x64.Build.0 = Release|Any CPU
		{95B3F2FA-395A-451F-8EBC-2C5C5BF7D7D8}.Release|x86.ActiveCfg = Release|Any CPU
		{95B3F2FA-395A-451F-8EBC-2C5C5BF7D7D8}.Release|x86.Build.0 = Release|Any CPU
	EndGlobalSection
	GlobalSection(SolutionProperties) = preSolution
		HideSolutionNode = FALSE
	EndGlobalSection
	GlobalSection(NestedProjects) = preSolution
		{0F4921E6-966B-4F54-815C-6588F2C7287A} = {827E0CD3-B72D-47B6-A68D-7590B98EB39B}
		{7C61012A-7DF8-42DA-AA75-F4C967A5D5C0} = {827E0CD3-B72D-47B6-A68D-7590B98EB39B}
		{35017F81-9D46-443A-A01E-456D21F3CF7B} = {827E0CD3-B72D-47B6-A68D-7590B98EB39B}
		{B9302595-7A55-450F-A629-C38D8DB96389} = {827E0CD3-B72D-47B6-A68D-7590B98EB39B}
		{95B3F2FA-395A-451F-8EBC-2C5C5BF7D7D8} = {0AB3BF05-4346-4AA6-1389-037BE0695223}
	EndGlobalSection
EndGlobal
